{
  "name": "@w3booster/app-examples",
  "version": "2.0.0",
  "lockfileVersion": 3,
  "requires": true,
  "packages": {
    "": {
      "name": "@w3booster/app-examples",
      "version": "2.0.0",
      "license": "MIT",
      "bin": {
        "w3booster-create": "bin/create.mjs"
      },
      "engines": {
        "node": ">=22.22.3"
      }
    }
  }
}
